{
  "name": "windows-automator-lib",
  "version": "1.4.6",
  "lockfileVersion": 1,
  "requires": true,
  "dependencies": {
    "node-abi-version": {
      "version": "1.1.2",
      "resolved": "https://registry.npmjs.org/node-abi-version/-/node-abi-version-1.1.2.tgz",
      "integrity": "sha512-qDKrX6S1NAZMNxhKHv8k/2g8/eqN9/D7lexl5G9wq2OqmtdgcaKeccP/14c8B4278at8aw0XAFIGxMJvpCQAWA==",
      "requires": {
        "xml-node-parser": "1.0.2"
      }
    },
    "xml-node-parser": {
      "version": "1.0.2",
      "resolved": "https://registry.npmjs.org/xml-node-parser/-/xml-node-parser-1.0.2.tgz",
      "integrity": "sha512-mqHrD8vjgEozdatv69JvPZ1qj5tFVr8fRlMmCLIxt/DG2FhahCPqU+evG03p/9t61Zjr/tIXUXg3RKlQGJ0qtg=="
    }
  }
}
