{
  "name": "windows-automator-lib",
  "version": "1.4.5",
  "lockfileVersion": 1,
  "requires": true,
  "dependencies": {
    "node-abi-version": {
      "version": "1.0.16",
      "resolved": "https://registry.npmjs.org/node-abi-version/-/node-abi-version-1.0.16.tgz",
      "integrity": "sha512-iIGDC/B5ptsk9OubL7tEbJKfhhOCKYQrqsUIvebYNCtG9pjjPuh2TLJgU+KpcXPDD+dMUClu3dc451c7US0w9Q==",
      "requires": {
        "xml-node-parser": "1.0.0"
      }
    },
    "xml-node-parser": {
      "version": "1.0.0",
      "resolved": "https://registry.npmjs.org/xml-node-parser/-/xml-node-parser-1.0.0.tgz",
      "integrity": "sha512-lfODWUNA5OS0LERCj+w1bf2F03AdcB0CHMVBlzKwffxsBExtkEtMdZ64ognmhtPx7VnfL0vTLxSBCMUHUEE6cg=="
    }
  }
}
