{
  "name": "windows-automator-lib",
  "version": "1.5.0",
  "lockfileVersion": 2,
  "requires": true,
  "packages": {
    "": {
      "name": "windows-automator-lib",
      "version": "1.5.0",
      "hasInstallScript": true,
      "license": "MIT",
      "dependencies": {
        "node-abi-version": "^1.2.12"
      }
    },
    "node_modules/node-abi-version": {
      "version": "1.2.12",
      "resolved": "https://registry.npmjs.org/node-abi-version/-/node-abi-version-1.2.12.tgz",
      "integrity": "sha512-CyweK0rMTzmXMK2h9csos+3DlbnLGkijVyMJ9Krn0IAG/1A5NSn2THE97riosUKFoZA0XICJTCRFpwTJzVrmlA=="
    }
  },
  "dependencies": {
    "node-abi-version": {
      "version": "1.2.12",
      "resolved": "https://registry.npmjs.org/node-abi-version/-/node-abi-version-1.2.12.tgz",
      "integrity": "sha512-CyweK0rMTzmXMK2h9csos+3DlbnLGkijVyMJ9Krn0IAG/1A5NSn2THE97riosUKFoZA0XICJTCRFpwTJzVrmlA=="
    }
  }
}
